
Microsoft Visual Studio Solution File, Format Version 12.00
# Visual Studio Version 17
VisualStudioVersion = 17.11.35219.272
MinimumVisualStudioVersion = 10.0.40219.1
Project("{FAE04EC0-301F-11D3-BF4B-00C04F79EFBC}") = "AgenciaAutomotriz", "AgenciaAutomotriz\AgenciaAutomotriz.csproj", "{8214973B-F2DC-4B8E-9B9E-37E6E85260D4}"
EndProject
Project("{2150E333-8FDC-42A3-9474-1A3956D46DE8}") = "Elementos de la solución", "Elementos de la solución", "{3B13E7F9-3A4B-41F1-BB10-D5F5B334C611}"
	ProjectSection(SolutionItems) = preProject
		.gitignore = .gitignore
	EndProjectSection
EndProject
Global
	GlobalSection(SolutionConfigurationPlatforms) = preSolution
		Debug|Any CPU = Debug|Any CPU
		Release|Any CPU = Release|Any CPU
	EndGlobalSection
	GlobalSection(ProjectConfigurationPlatforms) = postSolution
		{8214973B-F2DC-4B8E-9B9E-37E6E85260D4}.Debug|Any CPU.ActiveCfg = Debug|Any CPU
		{8214973B-F2DC-4B8E-9B9E-37E6E85260D4}.Debug|Any CPU.Build.0 = Debug|Any CPU
		{8214973B-F2DC-4B8E-9B9E-37E6E85260D4}.Release|Any CPU.ActiveCfg = Release|Any CPU
		{8214973B-F2DC-4B8E-9B9E-37E6E85260D4}.Release|Any CPU.Build.0 = Release|Any CPU
	EndGlobalSection
	GlobalSection(SolutionProperties) = preSolution
		HideSolutionNode = FALSE
	EndGlobalSection
	GlobalSection(ExtensibilityGlobals) = postSolution
		SolutionGuid = {6E0D4D2A-DE38-4713-891E-1F50502E40EF}
	EndGlobalSection
EndGlobal
